
Microsoft Visual Studio Solution File, Format Version 12.00
# Visual Studio Version 16
VisualStudioVersion = 16.0.29503.13
MinimumVisualStudioVersion = 10.0.40219.1
Project("{8BC9CEB8-8B4A-11D0-8D11-00A0C91BC942}") = "01", "01\01.vcxproj", "{9A138EB6-5B9D-4C40-BF88-E3CED88468FC}"
EndProject
Project("{8BC9CEB8-8B4A-11D0-8D11-00A0C91BC942}") = "02", "02\02.vcxproj", "{FBAAE238-99C8-4B7D-8F4D-5A4F51E838FF}"
EndProject
Project("{8BC9CEB8-8B4A-11D0-8D11-00A0C91BC942}") = "03", "03\03.vcxproj", "{ADBA7AF4-3A7D-4CDF-9A51-31502822FEEE}"
EndProject
Project("{8BC9CEB8-8B4A-11D0-8D11-00A0C91BC942}") = "04", "04\04.vcxproj", "{E7688286-11CD-493A-B446-95A720C75454}"
EndProject
Project("{8BC9CEB8-8B4A-11D0-8D11-00A0C91BC942}") = "05", "05\05.vcxproj", "{C42547DF-D803-46C3-BECD-E6B60A0E71C1}"
EndProject
Project("{8BC9CEB8-8B4A-11D0-8D11-00A0C91BC942}") = "06", "06\06.vcxproj", "{FC0137A0-8FCA-4EE2-9479-AC7E163E6A77}"
EndProject
Project("{8BC9CEB8-8B4A-11D0-8D11-00A0C91BC942}") = "07", "07\07.vcxproj", "{943989AE-76F6-47BC-B0E2-55A52B93AE42}"
EndProject
Global
	GlobalSection(SolutionConfigurationPlatforms) = preSolution
		Debug|x64 = Debug|x64
		Debug|x86 = Debug|x86
		Release|x64 = Release|x64
		Release|x86 = Release|x86
	EndGlobalSection
	GlobalSection(ProjectConfigurationPlatforms) = postSolution
		{9A138EB6-5B9D-4C40-BF88-E3CED88468FC}.Debug|x64.ActiveCfg = Debug|x64
		{9A138EB6-5B9D-4C40-BF88-E3CED88468FC}.Debug|x64.Build.0 = Debug|x64
		{9A138EB6-5B9D-4C40-BF88-E3CED88468FC}.Debug|x86.ActiveCfg = Debug|Win32
		{9A138EB6-5B9D-4C40-BF88-E3CED88468FC}.Debug|x86.Build.0 = Debug|Win32
		{9A138EB6-5B9D-4C40-BF88-E3CED88468FC}.Release|x64.ActiveCfg = Release|x64
		{9A138EB6-5B9D-4C40-BF88-E3CED88468FC}.Release|x64.Build.0 = Release|x64
		{9A138EB6-5B9D-4C40-BF88-E3CED88468FC}.Release|x86.ActiveCfg = Release|Win32
		{9A138EB6-5B9D-4C40-BF88-E3CED88468FC}.Release|x86.Build.0 = Release|Win32
		{FBAAE238-99C8-4B7D-8F4D-5A4F51E838FF}.Debug|x64.ActiveCfg = Debug|x64
		{FBAAE238-99C8-4B7D-8F4D-5A4F51E838FF}.Debug|x64.Build.0 = Debug|x64
		{FBAAE238-99C8-4B7D-8F4D-5A4F51E838FF}.Debug|x86.ActiveCfg = Debug|Win32
		{FBAAE238-99C8-4B7D-8F4D-5A4F51E838FF}.Debug|x86.Build.0 = Debug|Win32
		{FBAAE238-99C8-4B7D-8F4D-5A4F51E838FF}.Release|x64.ActiveCfg = Release|x64
		{FBAAE238-99C8-4B7D-8F4D-5A4F51E838FF}.Release|x64.Build.0 = Release|x64
		{FBAAE238-99C8-4B7D-8F4D-5A4F51E838FF}.Release|x86.ActiveCfg = Release|Win32
		{FBAAE238-99C8-4B7D-8F4D-5A4F51E838FF}.Release|x86.Build.0 = Release|Win32
		{ADBA7AF4-3A7D-4CDF-9A51-31502822FEEE}.Debug|x64.ActiveCfg = Debug|x64
		{ADBA7AF4-3A7D-4CDF-9A51-31502822FEEE}.Debug|x64.Build.0 = Debug|x64
		{ADBA7AF4-3A7D-4CDF-9A51-31502822FEEE}.Debug|x86.ActiveCfg = Debug|Win32
		{ADBA7AF4-3A7D-4CDF-9A51-31502822FEEE}.Debug|x86.Build.0 = Debug|Win32
		{ADBA7AF4-3A7D-4CDF-9A51-31502822FEEE}.Release|x64.ActiveCfg = Release|x64
		{ADBA7AF4-3A7D-4CDF-9A51-31502822FEEE}.Release|x64.Build.0 = Release|x64
		{ADBA7AF4-3A7D-4CDF-9A51-31502822FEEE}.Release|x86.ActiveCfg = Release|Win32
		{ADBA7AF4-3A7D-4CDF-9A51-31502822FEEE}.Release|x86.Build.0 = Release|Win32
		{E7688286-11CD-493A-B446-95A720C75454}.Debug|x64.ActiveCfg = Debug|x64
		{E7688286-11CD-493A-B446-95A720C75454}.Debug|x64.Build.0 = Debug|x64
		{E7688286-11CD-493A-B446-95A720C75454}.Debug|x86.ActiveCfg = Debug|Win32
		{E7688286-11CD-493A-B446-95A720C75454}.Debug|x86.Build.0 = Debug|Win32
		{E7688286-11CD-493A-B446-95A720C75454}.Release|x64.ActiveCfg = Release|x64
		{E7688286-11CD-493A-B446-95A720C75454}.Release|x64.Build.0 = Release|x64
		{E7688286-11CD-493A-B446-95A720C75454}.Release|x86.ActiveCfg = Release|Win32
		{E7688286-11CD-493A-B446-95A720C75454}.Release|x86.Build.0 = Release|Win32
		{C42547DF-D803-46C3-BECD-E6B60A0E71C1}.Debug|x64.ActiveCfg = Debug|x64
		{C42547DF-D803-46C3-BECD-E6B60A0E71C1}.Debug|x64.Build.0 = Debug|x64
		{C42547DF-D803-46C3-BECD-E6B60A0E71C1}.Debug|x86.ActiveCfg = Debug|Win32
		{C42547DF-D803-46C3-BECD-E6B60A0E71C1}.Debug|x86.Build.0 = Debug|Win32
		{C42547DF-D803-46C3-BECD-E6B60A0E71C1}.Release|x64.ActiveCfg = Release|x64
		{C42547DF-D803-46C3-BECD-E6B60A0E71C1}.Release|x64.Build.0 = Release|x64
		{C42547DF-D803-46C3-BECD-E6B60A0E71C1}.Release|x86.ActiveCfg = Release|Win32
		{C42547DF-D803-46C3-BECD-E6B60A0E71C1}.Release|x86.Build.0 = Release|Win32
		{FC0137A0-8FCA-4EE2-9479-AC7E163E6A77}.Debug|x64.ActiveCfg = Debug|x64
		{FC0137A0-8FCA-4EE2-9479-AC7E163E6A77}.Debug|x64.Build.0 = Debug|x64
		{FC0137A0-8FCA-4EE2-9479-AC7E163E6A77}.Debug|x86.ActiveCfg = Debug|Win32
		{FC0137A0-8FCA-4EE2-9479-AC7E163E6A77}.Debug|x86.Build.0 = Debug|Win32
		{FC0137A0-8FCA-4EE2-9479-AC7E163E6A77}.Release|x64.ActiveCfg = Release|x64
		{FC0137A0-8FCA-4EE2-9479-AC7E163E6A77}.Release|x64.Build.0 = Release|x64
		{FC0137A0-8FCA-4EE2-9479-AC7E163E6A77}.Release|x86.ActiveCfg = Release|Win32
		{FC0137A0-8FCA-4EE2-9479-AC7E163E6A77}.Release|x86.Build.0 = Release|Win32
		{943989AE-76F6-47BC-B0E2-55A52B93AE42}.Debug|x64.ActiveCfg = Debug|x64
		{943989AE-76F6-47BC-B0E2-55A52B93AE42}.Debug|x64.Build.0 = Debug|x64
		{943989AE-76F6-47BC-B0E2-55A52B93AE42}.Debug|x86.ActiveCfg = Debug|Win32
		{943989AE-76F6-47BC-B0E2-55A52B93AE42}.Debug|x86.Build.0 = Debug|Win32
		{943989AE-76F6-47BC-B0E2-55A52B93AE42}.Release|x64.ActiveCfg = Release|x64
		{943989AE-76F6-47BC-B0E2-55A52B93AE42}.Release|x64.Build.0 = Release|x64
		{943989AE-76F6-47BC-B0E2-55A52B93AE42}.Release|x86.ActiveCfg = Release|Win32
		{943989AE-76F6-47BC-B0E2-55A52B93AE42}.Release|x86.Build.0 = Release|Win32
	EndGlobalSection
	GlobalSection(SolutionProperties) = preSolution
		HideSolutionNode = FALSE
	EndGlobalSection
	GlobalSection(ExtensibilityGlobals) = postSolution
		SolutionGuid = {F34B1722-8B06-4238-9607-A6C6FB3B39DB}
	EndGlobalSection
EndGlobal
